
Microsoft Visual Studio Solution File, Format Version 12.00
# Visual Studio 15
VisualStudioVersion = 15.0.26730.10
MinimumVisualStudioVersion = 10.0.40219.1
Project("{FAE04EC0-301F-11D3-BF4B-00C04F79EFBC}") = "KamranSehat", "KamranSehat\KamranSehat.csproj", "{B9201FF0-74B1-4005-9D6B-7021CDEBBBF5}"
EndProject
Project("{FAE04EC0-301F-11D3-BF4B-00C04F79EFBC}") = "Resources", "Resources\Resources.csproj", "{DDCF398B-7ECA-4594-9D09-551372D21F4F}"
EndProject
Global
	GlobalSection(SolutionConfigurationPlatforms) = preSolution
		Debug|Any CPU = Debug|Any CPU
		Release|Any CPU = Release|Any CPU
	EndGlobalSection
	GlobalSection(ProjectConfigurationPlatforms) = postSolution
		{B9201FF0-74B1-4005-9D6B-7021CDEBBBF5}.Debug|Any CPU.ActiveCfg = Debug|Any CPU
		{B9201FF0-74B1-4005-9D6B-7021CDEBBBF5}.Debug|Any CPU.Build.0 = Debug|Any CPU
		{B9201FF0-74B1-4005-9D6B-7021CDEBBBF5}.Release|Any CPU.ActiveCfg = Release|Any CPU
		{B9201FF0-74B1-4005-9D6B-7021CDEBBBF5}.Release|Any CPU.Build.0 = Release|Any CPU
		{DDCF398B-7ECA-4594-9D09-551372D21F4F}.Debug|Any CPU.ActiveCfg = Debug|Any CPU
		{DDCF398B-7ECA-4594-9D09-551372D21F4F}.Debug|Any CPU.Build.0 = Debug|Any CPU
		{DDCF398B-7ECA-4594-9D09-551372D21F4F}.Release|Any CPU.ActiveCfg = Release|Any CPU
		{DDCF398B-7ECA-4594-9D09-551372D21F4F}.Release|Any CPU.Build.0 = Release|Any CPU
	EndGlobalSection
	GlobalSection(SolutionProperties) = preSolution
		HideSolutionNode = FALSE
	EndGlobalSection
	GlobalSection(ExtensibilityGlobals) = postSolution
		SolutionGuid = {5AFB5DF1-5F26-4F33-8326-84430BE17AEB}
	EndGlobalSection
	GlobalSection(TeamFoundationVersionControl) = preSolution
		SccNumberOfProjects = 3
		SccEnterpriseProvider = {4CA58AB2-18FA-4F8D-95D4-32DDF27D184C}
		SccTeamFoundationServer = https://hosseinalibabaei.visualstudio.com/
		SccLocalPath0 = .
		SccProjectUniqueName1 = KamranSehat\\KamranSehat.csproj
		SccProjectName1 = KamranSehat
		SccLocalPath1 = KamranSehat
		SccProjectUniqueName2 = Resources\\Resources.csproj
		SccProjectName2 = Resources
		SccLocalPath2 = Resources
	EndGlobalSection
EndGlobal
